{
  "version": 4,
  "terraform_version": "1.5.7",
  "serial": 143,
  "lineage": "c9f3e4f1-327f-a0b4-ad1c-da3b7d851a1a",
  "outputs": {},
  "resources": [
    {
      "mode": "data",
      "type": "aws_caller_identity",
      "name": "current",
      "provider": "provider[\"registry.terraform.io/hashicorp/aws\"]",
      "instances": [
        {
          "schema_version": 0,
          "attributes": {
            "account_id": "250251693220",
            "arn": "arn:aws:sts::250251693220:assumed-role/AWS-InnovationLabs-SF-Admin/john.br@slalom.com",
            "id": "250251693220",
            "user_id": "AROATURBJZSSHM5OFQMPP:john.br@slalom.com"
          },
          "sensitive_attributes": []
        }
      ]
    },
    {
      "mode": "managed",
      "type": "databricks_group",
      "name": "admin_group",
      "provider": "provider[\"registry.terraform.io/databricks/databricks\"].mws",
      "instances": [
        {
          "schema_version": 0,
          "attributes": {
            "acl_principal_id": "groups/demo-shxfoe-unity-admin-group",
            "allow_cluster_create": false,
            "allow_instance_pool_create": false,
            "databricks_sql_access": false,
            "display_name": "demo-shxfoe-unity-admin-group",
            "external_id": "",
            "force": null,
            "id": "880858705967600",
            "url": "https://accounts.cloud.databricks.com/users/groups/880858705967600/information",
            "workspace_access": false
          },
          "sensitive_attributes": [],
          "private": "bnVsbA==",
          "dependencies": [
            "random_string.naming"
          ]
        }
      ]
    },
    {
      "mode": "managed",
      "type": "random_string",
      "name": "naming",
      "provider": "provider[\"registry.terraform.io/hashicorp/random\"]",
      "instances": [
        {
          "schema_version": 2,
          "attributes": {
            "id": "shxfoe",
            "keepers": null,
            "length": 6,
            "lower": true,
            "min_lower": 0,
            "min_numeric": 0,
            "min_special": 0,
            "min_upper": 0,
            "number": true,
            "numeric": true,
            "override_special": "",
            "result": "shxfoe",
            "special": false,
            "upper": false
          },
          "sensitive_attributes": [],
          "create_before_destroy": true
        }
      ]
    },
    {
      "module": "module.unity_catalog",
      "mode": "data",
      "type": "aws_iam_policy_document",
      "name": "passrole_for_uc",
      "provider": "provider[\"registry.terraform.io/hashicorp/aws\"]",
      "instances": [
        {
          "schema_version": 0,
          "attributes": {
            "id": "794116349",
            "json": "{\n  \"Version\": \"2012-10-17\",\n  \"Statement\": [\n    {\n      \"Effect\": \"Allow\",\n      \"Action\": \"sts:AssumeRole\",\n      \"Principal\": {\n        \"AWS\": \"arn:aws:iam::414351767826:role/unity-catalog-prod-UCMasterRole-14S5ZJVKOTYTL\"\n      },\n      \"Condition\": {\n        \"StringEquals\": {\n          \"sts:ExternalId\": \"1ff0ad5e-a173-489e-9b37-9a207e938c2d\"\n        }\n      }\n    },\n    {\n      \"Sid\": \"ExplicitSelfRoleAssumption\",\n      \"Effect\": \"Allow\",\n      \"Action\": \"sts:AssumeRole\",\n      \"Principal\": {\n        \"AWS\": \"arn:aws:iam::250251693220:root\"\n      },\n      \"Condition\": {\n        \"ArnLike\": {\n          \"aws:PrincipalArn\": \"arn:aws:iam::250251693220:role/demo-shxfoe-uc-access\"\n        }\n      }\n    }\n  ]\n}",
            "minified_json": "{\"Version\":\"2012-10-17\",\"Statement\":[{\"Effect\":\"Allow\",\"Action\":\"sts:AssumeRole\",\"Principal\":{\"AWS\":\"arn:aws:iam::414351767826:role/unity-catalog-prod-UCMasterRole-14S5ZJVKOTYTL\"},\"Condition\":{\"StringEquals\":{\"sts:ExternalId\":\"1ff0ad5e-a173-489e-9b37-9a207e938c2d\"}}},{\"Sid\":\"ExplicitSelfRoleAssumption\",\"Effect\":\"Allow\",\"Action\":\"sts:AssumeRole\",\"Principal\":{\"AWS\":\"arn:aws:iam::250251693220:root\"},\"Condition\":{\"ArnLike\":{\"aws:PrincipalArn\":\"arn:aws:iam::250251693220:role/demo-shxfoe-uc-access\"}}}]}",
            "override_json": null,
            "override_policy_documents": null,
            "policy_id": null,
            "source_json": null,
            "source_policy_documents": null,
            "statement": [
              {
                "actions": [
                  "sts:AssumeRole"
                ],
                "condition": [
                  {
                    "test": "StringEquals",
                    "values": [
                      "1ff0ad5e-a173-489e-9b37-9a207e938c2d"
                    ],
                    "variable": "sts:ExternalId"
                  }
                ],
                "effect": "Allow",
                "not_actions": [],
                "not_principals": [],
                "not_resources": [],
                "principals": [
                  {
                    "identifiers": [
                      "arn:aws:iam::414351767826:role/unity-catalog-prod-UCMasterRole-14S5ZJVKOTYTL"
                    ],
                    "type": "AWS"
                  }
                ],
                "resources": [],
                "sid": ""
              },
              {
                "actions": [
                  "sts:AssumeRole"
                ],
                "condition": [
                  {
                    "test": "ArnLike",
                    "values": [
                      "arn:aws:iam::250251693220:role/demo-shxfoe-uc-access"
                    ],
                    "variable": "aws:PrincipalArn"
                  }
                ],
                "effect": "Allow",
                "not_actions": [],
                "not_principals": [],
                "not_resources": [],
                "principals": [
                  {
                    "identifiers": [
                      "arn:aws:iam::250251693220:root"
                    ],
                    "type": "AWS"
                  }
                ],
                "resources": [],
                "sid": "ExplicitSelfRoleAssumption"
              }
            ],
            "version": "2012-10-17"
          },
          "sensitive_attributes": []
        }
      ]
    },
    {
      "module": "module.unity_catalog",
      "mode": "managed",
      "type": "aws_iam_policy",
      "name": "sample_data",
      "provider": "provider[\"registry.terraform.io/hashicorp/aws\"]",
      "instances": [
        {
          "schema_version": 0,
          "attributes": {
            "arn": "arn:aws:iam::250251693220:policy/demo-shxfoe-unity-catalog-sample-data-access",
            "attachment_count": 1,
            "description": "",
            "id": "arn:aws:iam::250251693220:policy/demo-shxfoe-unity-catalog-sample-data-access",
            "name": "demo-shxfoe-unity-catalog-sample-data-access",
            "name_prefix": "",
            "path": "/",
            "policy": "{\"Id\":\"demo-shxfoe-databricks-sample-data\",\"Statement\":[{\"Action\":[\"s3:GetObject\",\"s3:GetObjectVersion\",\"s3:ListBucket\",\"s3:GetBucketLocation\"],\"Effect\":\"Allow\",\"Resource\":[\"arn:aws:s3:::databricks-datasets-oregon/*\",\"arn:aws:s3:::databricks-datasets-oregon\"]}],\"Version\":\"2012-10-17\"}",
            "policy_id": "ANPATURBJZSSLHJKJ6QX4",
            "tags": {
              "Environment": "Demo-with-terraform",
              "Name": "demo-shxfoe-unity-catalog IAM policy",
              "Owner": "john.br",
              "ownerEmail": "john.br@slalom.com"
            },
            "tags_all": {
              "Environment": "Demo-with-terraform",
              "Name": "demo-shxfoe-unity-catalog IAM policy",
              "Owner": "john.br",
              "ownerEmail": "john.br@slalom.com"
            }
          },
          "sensitive_attributes": [],
          "private": "bnVsbA==",
          "dependencies": [
            "random_string.naming"
          ]
        }
      ]
    },
    {
      "module": "module.unity_catalog",
      "mode": "managed",
      "type": "aws_iam_policy",
      "name": "unity_metastore",
      "provider": "provider[\"registry.terraform.io/hashicorp/aws\"]",
      "instances": [
        {
          "schema_version": 0,
          "attributes": {
            "arn": "arn:aws:iam::250251693220:policy/demo-shxfoe-unity-catalog-metastore-access-iam-policy",
            "attachment_count": 1,
            "description": "",
            "id": "arn:aws:iam::250251693220:policy/demo-shxfoe-unity-catalog-metastore-access-iam-policy",
            "name": "demo-shxfoe-unity-catalog-metastore-access-iam-policy",
            "name_prefix": "",
            "path": "/",
            "policy": "{\"Id\":\"demo-shxfoe-databricks-unity-metastore\",\"Statement\":[{\"Action\":[\"s3:GetObject\",\"s3:PutObject\",\"s3:DeleteObject\",\"s3:ListBucket\",\"s3:GetBucketLocation\"],\"Effect\":\"Allow\",\"Resource\":[\"arn:aws:s3:::demo-shxfoe-metastore\",\"arn:aws:s3:::demo-shxfoe-metastore/*\"]},{\"Action\":[\"sts:AssumeRole\"],\"Effect\":\"Allow\",\"Resource\":[\"arn:aws:iam::250251693220:role/demo-shxfoe-uc-access\"]}],\"Version\":\"2012-10-17\"}",
            "policy_id": "ANPATURBJZSSKVLKQZZPK",
            "tags": {
              "Environment": "Demo-with-terraform",
              "Name": "demo-shxfoe-unity-catalog IAM policy",
              "Owner": "john.br",
              "ownerEmail": "john.br@slalom.com"
            },
            "tags_all": {
              "Environment": "Demo-with-terraform",
              "Name": "demo-shxfoe-unity-catalog IAM policy",
              "Owner": "john.br",
              "ownerEmail": "john.br@slalom.com"
            }
          },
          "sensitive_attributes": [],
          "private": "bnVsbA==",
          "dependencies": [
            "data.aws_caller_identity.current",
            "module.unity_catalog.aws_s3_bucket.metastore",
            "random_string.naming"
          ]
        }
      ]
    },
    {
      "module": "module.unity_catalog",
      "mode": "managed",
      "type": "aws_iam_role",
      "name": "metastore_data_access",
      "provider": "provider[\"registry.terraform.io/hashicorp/aws\"]",
      "instances": [
        {
          "schema_version": 0,
          "attributes": {
            "arn": "arn:aws:iam::250251693220:role/demo-shxfoe-uc-access",
            "assume_role_policy": "{\"Statement\":[{\"Action\":\"sts:AssumeRole\",\"Condition\":{\"StringEquals\":{\"sts:ExternalId\":\"1ff0ad5e-a173-489e-9b37-9a207e938c2d\"}},\"Effect\":\"Allow\",\"Principal\":{\"AWS\":\"arn:aws:iam::414351767826:role/unity-catalog-prod-UCMasterRole-14S5ZJVKOTYTL\"}},{\"Action\":\"sts:AssumeRole\",\"Condition\":{\"ArnLike\":{\"aws:PrincipalArn\":\"arn:aws:iam::250251693220:role/demo-shxfoe-uc-access\"}},\"Effect\":\"Allow\",\"Principal\":{\"AWS\":\"arn:aws:iam::250251693220:root\"},\"Sid\":\"ExplicitSelfRoleAssumption\"}],\"Version\":\"2012-10-17\"}",
            "create_date": "2024-06-21T16:54:17Z",
            "description": "",
            "force_detach_policies": false,
            "id": "demo-shxfoe-uc-access",
            "inline_policy": [],
            "managed_policy_arns": [
              "arn:aws:iam::250251693220:policy/demo-shxfoe-unity-catalog-metastore-access-iam-policy",
              "arn:aws:iam::250251693220:policy/demo-shxfoe-unity-catalog-sample-data-access"
            ],
            "max_session_duration": 3600,
            "name": "demo-shxfoe-uc-access",
            "name_prefix": "",
            "path": "/",
            "permissions_boundary": "",
            "tags": {
              "Environment": "Demo-with-terraform",
              "Name": "demo-shxfoe-unity-catalog IAM role",
              "Owner": "john.br",
              "ownerEmail": "john.br@slalom.com"
            },
            "tags_all": {
              "Environment": "Demo-with-terraform",
              "Name": "demo-shxfoe-unity-catalog IAM role",
              "Owner": "john.br",
              "ownerEmail": "john.br@slalom.com"
            },
            "unique_id": "AROATURBJZSSFPHUDYBJI"
          },
          "sensitive_attributes": [],
          "private": "bnVsbA==",
          "dependencies": [
            "data.aws_caller_identity.current",
            "module.unity_catalog.aws_iam_policy.sample_data",
            "module.unity_catalog.aws_iam_policy.unity_metastore",
            "module.unity_catalog.aws_s3_bucket.metastore",
            "module.unity_catalog.data.aws_iam_policy_document.passrole_for_uc",
            "random_string.naming"
          ]
        }
      ]
    },
    {
      "module": "module.unity_catalog",
      "mode": "managed",
      "type": "aws_s3_bucket",
      "name": "metastore",
      "provider": "provider[\"registry.terraform.io/hashicorp/aws\"]",
      "instances": [
        {
          "schema_version": 0,
          "attributes": {
            "acceleration_status": "",
            "acl": null,
            "arn": "arn:aws:s3:::demo-shxfoe-metastore",
            "bucket": "demo-shxfoe-metastore",
            "bucket_domain_name": "demo-shxfoe-metastore.s3.amazonaws.com",
            "bucket_prefix": "",
            "bucket_regional_domain_name": "demo-shxfoe-metastore.s3.us-west-1.amazonaws.com",
            "cors_rule": [],
            "force_destroy": true,
            "grant": [
              {
                "id": "7a2b63cb79e6aafb48bfa7bb9c23154dab0967654aef582ee082d98f8560ceb1",
                "permissions": [
                  "FULL_CONTROL"
                ],
                "type": "CanonicalUser",
                "uri": ""
              }
            ],
            "hosted_zone_id": "Z2F56UZL2M1ACD",
            "id": "demo-shxfoe-metastore",
            "lifecycle_rule": [],
            "logging": [],
            "object_lock_configuration": [],
            "object_lock_enabled": false,
            "policy": "",
            "region": "us-west-1",
            "replication_configuration": [],
            "request_payer": "BucketOwner",
            "server_side_encryption_configuration": [
              {
                "rule": [
                  {
                    "apply_server_side_encryption_by_default": [
                      {
                        "kms_master_key_id": "",
                        "sse_algorithm": "AES256"
                      }
                    ],
                    "bucket_key_enabled": false
                  }
                ]
              }
            ],
            "tags": {
              "Environment": "Demo-with-terraform",
              "Name": "demo-shxfoe-metastore",
              "Owner": "john.br",
              "ownerEmail": "john.br@slalom.com"
            },
            "tags_all": {
              "Environment": "Demo-with-terraform",
              "Name": "demo-shxfoe-metastore",
              "Owner": "john.br",
              "ownerEmail": "john.br@slalom.com"
            },
            "timeouts": null,
            "versioning": [
              {
                "enabled": false,
                "mfa_delete": false
              }
            ],
            "website": [],
            "website_domain": null,
            "website_endpoint": null
          },
          "sensitive_attributes": [],
          "private": "eyJlMmJmYjczMC1lY2FhLTExZTYtOGY4OC0zNDM2M2JjN2M0YzAiOnsiY3JlYXRlIjoxMjAwMDAwMDAwMDAwLCJkZWxldGUiOjM2MDAwMDAwMDAwMDAsInJlYWQiOjEyMDAwMDAwMDAwMDAsInVwZGF0ZSI6MTIwMDAwMDAwMDAwMH19",
          "dependencies": [
            "random_string.naming"
          ]
        }
      ]
    },
    {
      "module": "module.unity_catalog",
      "mode": "managed",
      "type": "databricks_metastore",
      "name": "this",
      "provider": "provider[\"registry.terraform.io/databricks/databricks\"].mws",
      "instances": [
        {
          "schema_version": 0,
          "attributes": {
            "cloud": "aws",
            "created_at": 1718988857145,
            "created_by": "c199dd0f-83f2-40b0-bf8b-5241cec06539",
            "default_data_access_config_id": null,
            "delta_sharing_organization_name": null,
            "delta_sharing_recipient_token_lifetime_in_seconds": 0,
            "delta_sharing_scope": "INTERNAL",
            "force_destroy": true,
            "global_metastore_id": "aws:us-west-1:1d9a47b7-1c35-43c1-99d0-d36d00f24ecd",
            "id": "1d9a47b7-1c35-43c1-99d0-d36d00f24ecd",
            "metastore_id": "1d9a47b7-1c35-43c1-99d0-d36d00f24ecd",
            "name": "demo-shxfoe-metastore",
            "owner": "demo-shxfoe-unity-admin-group",
            "region": "us-west-1",
            "storage_root": "s3://demo-shxfoe-metastore/metastore/1d9a47b7-1c35-43c1-99d0-d36d00f24ecd",
            "storage_root_credential_id": null,
            "updated_at": 1718988879176,
            "updated_by": "c199dd0f-83f2-40b0-bf8b-5241cec06539"
          },
          "sensitive_attributes": [],
          "private": "bnVsbA==",
          "dependencies": [
            "databricks_group.admin_group",
            "module.unity_catalog.aws_s3_bucket.metastore",
            "random_string.naming"
          ]
        }
      ]
    },
    {
      "module": "module.unity_catalog",
      "mode": "managed",
      "type": "databricks_metastore_data_access",
      "name": "this",
      "provider": "provider[\"registry.terraform.io/databricks/databricks\"].mws",
      "instances": [
        {
          "schema_version": 1,
          "attributes": {
            "aws_iam_role": [
              {
                "external_id": "1ff0ad5e-a173-489e-9b37-9a207e938c2d",
                "role_arn": "arn:aws:iam::250251693220:role/demo-shxfoe-uc-access",
                "unity_catalog_iam_arn": "arn:aws:iam::414351767826:role/unity-catalog-prod-UCMasterRole-14S5ZJVKOTYTL"
              }
            ],
            "azure_managed_identity": [],
            "azure_service_principal": [],
            "comment": null,
            "databricks_gcp_service_account": [],
            "force_destroy": null,
            "force_update": null,
            "gcp_service_account_key": [],
            "id": "1d9a47b7-1c35-43c1-99d0-d36d00f24ecd|demo-shxfoe-uc-access",
            "is_default": true,
            "metastore_id": "1d9a47b7-1c35-43c1-99d0-d36d00f24ecd",
            "name": "demo-shxfoe-uc-access",
            "owner": "c199dd0f-83f2-40b0-bf8b-5241cec06539",
            "read_only": false,
            "skip_validation": null
          },
          "sensitive_attributes": [],
          "private": "eyJzY2hlbWFfdmVyc2lvbiI6IjEifQ==",
          "dependencies": [
            "data.aws_caller_identity.current",
            "databricks_group.admin_group",
            "module.unity_catalog.aws_iam_policy.sample_data",
            "module.unity_catalog.aws_iam_policy.unity_metastore",
            "module.unity_catalog.aws_iam_role.metastore_data_access",
            "module.unity_catalog.aws_s3_bucket.metastore",
            "module.unity_catalog.data.aws_iam_policy_document.passrole_for_uc",
            "module.unity_catalog.databricks_metastore.this",
            "module.unity_catalog.time_sleep.wait_role_creation",
            "random_string.naming"
          ]
        }
      ]
    },
    {
      "module": "module.unity_catalog",
      "mode": "managed",
      "type": "time_sleep",
      "name": "wait_role_creation",
      "provider": "provider[\"registry.terraform.io/hashicorp/time\"]",
      "instances": [
        {
          "schema_version": 0,
          "attributes": {
            "create_duration": "20s",
            "destroy_duration": null,
            "id": "2024-06-21T16:54:38Z",
            "triggers": null
          },
          "sensitive_attributes": [],
          "dependencies": [
            "data.aws_caller_identity.current",
            "databricks_group.admin_group",
            "module.unity_catalog.aws_iam_policy.sample_data",
            "module.unity_catalog.aws_iam_policy.unity_metastore",
            "module.unity_catalog.aws_iam_role.metastore_data_access",
            "module.unity_catalog.aws_s3_bucket.metastore",
            "module.unity_catalog.data.aws_iam_policy_document.passrole_for_uc",
            "module.unity_catalog.databricks_metastore.this",
            "random_string.naming"
          ]
        }
      ]
    }
  ],
  "check_results": null
}
